
Microsoft Visual Studio Solution File, Format Version 12.00
# Visual Studio Version 17
VisualStudioVersion = 17.14.36414.22 d17.14
MinimumVisualStudioVersion = 10.0.40219.1
Project("{FAE04EC0-301F-11D3-BF4B-00C04F79EFBC}") = "MySQLManager", "MySQLManager.csproj", "{FB7857F5-60CD-5DE9-B915-849490B6C1F5}"
EndProject
Global
	GlobalSection(SolutionConfigurationPlatforms) = preSolution
		Debug|Any CPU = Debug|Any CPU
		Release|Any CPU = Release|Any CPU
	EndGlobalSection
	GlobalSection(ProjectConfigurationPlatforms) = postSolution
		{FB7857F5-60CD-5DE9-B915-849490B6C1F5}.Debug|Any CPU.ActiveCfg = Debug|Any CPU
		{FB7857F5-60CD-5DE9-B915-849490B6C1F5}.Debug|Any CPU.Build.0 = Debug|Any CPU
		{FB7857F5-60CD-5DE9-B915-849490B6C1F5}.Release|Any CPU.ActiveCfg = Release|Any CPU
		{FB7857F5-60CD-5DE9-B915-849490B6C1F5}.Release|Any CPU.Build.0 = Release|Any CPU
	EndGlobalSection
	GlobalSection(SolutionProperties) = preSolution
		HideSolutionNode = FALSE
	EndGlobalSection
	GlobalSection(ExtensibilityGlobals) = postSolution
		SolutionGuid = {383A288A-F8AC-42C4-9DDE-B7A7E3AFC7FB}
	EndGlobalSection
EndGlobal
